// !$*UTF8*$!
{
	archiveVersion = 1;
	classes = {
	};
	objectVersion = 51;
	objects = {

/* Begin PBXBuildFile section */
		36102AD2243FEB5300BCA2BE /* loginbg.mp4 in Resources */ = {isa = PBXBuildFile; fileRef = 36102AD1243FEB5300BCA2BE /* loginbg.mp4 */; };
		36372FB9243CC80800B37B97 /* AppDelegate.swift in Sources */ = {isa = PBXBuildFile; fileRef = 36372FB8243CC80800B37B97 /* AppDelegate.swift */; };
		36372FBB243CC80800B37B97 /* SceneDelegate.swift in Sources */ = {isa = PBXBuildFile; fileRef = 36372FBA243CC80800B37B97 /* SceneDelegate.swift */; };
		36372FBD243CC80800B37B97 /* ViewController.swift in Sources */ = {isa = PBXBuildFile; fileRef = 36372FBC243CC80800B37B97 /* ViewController.swift */; };
		36372FC0243CC80800B37B97 /* Main.storyboard in Resources */ = {isa = PBXBuildFile; fileRef = 36372FBE243CC80800B37B97 /* Main.storyboard */; };
		36372FC2243CC80E00B37B97 /* Assets.xcassets in Resources */ = {isa = PBXBuildFile; fileRef = 36372FC1243CC80E00B37B97 /* Assets.xcassets */; };
		36372FC5243CC80E00B37B97 /* LaunchScreen.storyboard in Resources */ = {isa = PBXBuildFile; fileRef = 36372FC3243CC80E00B37B97 /* LaunchScreen.storyboard */; };
		36372FCD243CC92B00B37B97 /* GoogleService-Info.plist in Resources */ = {isa = PBXBuildFile; fileRef = 36372FCC243CC92B00B37B97 /* GoogleService-Info.plist */; };
		368389FE243D2FE800880B86 /* SignUpViewController.swift in Sources */ = {isa = PBXBuildFile; fileRef = 368389FD243D2FE800880B86 /* SignUpViewController.swift */; };
		36838A00243D2FFD00880B86 /* LogInViewController.swift in Sources */ = {isa = PBXBuildFile; fileRef = 368389FF243D2FFD00880B86 /* LogInViewController.swift */; };
		36838A02243D301400880B86 /* HomeViewController.swift in Sources */ = {isa = PBXBuildFile; fileRef = 36838A01243D301400880B86 /* HomeViewController.swift */; };
		36885C59243D771A00A1A1B6 /* Utilities.swift in Sources */ = {isa = PBXBuildFile; fileRef = 36885C58243D771A00A1A1B6 /* Utilities.swift */; };
		36885C5B243D772100A1A1B6 /* Constants.swift in Sources */ = {isa = PBXBuildFile; fileRef = 36885C5A243D772000A1A1B6 /* Constants.swift */; };
		69A0F44FDF7574B8833A92EE /* Pods_firestoredemo.framework in Frameworks */ = {isa = PBXBuildFile; fileRef = 0F8B1CAA1FB22E52D9FCA33E /* Pods_firestoredemo.framework */; };
/* End PBXBuildFile section */

/* Begin PBXFileReference section */
		0F8B1CAA1FB22E52D9FCA33E /* Pods_firestoredemo.framework */ = {isa = PBXFileReference; explicitFileType = wrapper.framework; includeInIndex = 0; path = Pods_firestoredemo.framework; sourceTree = BUILT_PRODUCTS_DIR; };
		36102AD1243FEB5300BCA2BE /* loginbg.mp4 */ = {isa = PBXFileReference; lastKnownFileType = file; path = loginbg.mp4; sourceTree = "<group>"; };
		36372FB5243CC80800B37B97 /* firestoredemo.app */ = {isa = PBXFileReference; explicitFileType = wrapper.application; includeInIndex = 0; path = firestoredemo.app; sourceTree = BUILT_PRODUCTS_DIR; };
		36372FB8243CC80800B37B97 /* AppDelegate.swift */ = {isa = PBXFileReference; lastKnownFileType = sourcecode.swift; path = AppDelegate.swift; sourceTree = "<group>"; };
		36372FBA243CC80800B37B97 /* SceneDelegate.swift */ = {isa = PBXFileReference; lastKnownFileType = sourcecode.swift; path = SceneDelegate.swift; sourceTree = "<group>"; };
		36372FBC243CC80800B37B97 /* ViewController.swift */ = {isa = PBXFileReference; lastKnownFileType = sourcecode.swift; path = ViewController.swift; sourceTree = "<group>"; };
		36372FBF243CC80800B37B97 /* Base */ = {isa = PBXFileReference; lastKnownFileType = file.storyboard; name = Base; path = Base.lproj/Main.storyboard; sourceTree = "<group>"; };
		36372FC1243CC80E00B37B97 /* Assets.xcassets */ = {isa = PBXFileReference; lastKnownFileType = folder.assetcatalog; path = Assets.xcassets; sourceTree = "<group>"; };
		36372FC4243CC80E00B37B97 /* Base */ = {isa = PBXFileReference; lastKnownFileType = file.storyboard; name = Base; path = Base.lproj/LaunchScreen.storyboard; sourceTree = "<group>"; };
		36372FC6243CC80E00B37B97 /* Info.plist */ = {isa = PBXFileReference; lastKnownFileType = text.plist.xml; path = Info.plist; sourceTree = "<group>"; };
		36372FCC243CC92B00B37B97 /* GoogleService-Info.plist */ = {isa = PBXFileReference; lastKnownFileType = text.plist; path = "GoogleService-Info.plist"; sourceTree = SOURCE_ROOT; };
		368389FD243D2FE800880B86 /* SignUpViewController.swift */ = {isa = PBXFileReference; lastKnownFileType = sourcecode.swift; path = SignUpViewController.swift; sourceTree = "<group>"; };
		368389FF243D2FFD00880B86 /* LogInViewController.swift */ = {isa = PBXFileReference; lastKnownFileType = sourcecode.swift; path = LogInViewController.swift; sourceTree = "<group>"; };
		36838A01243D301400880B86 /* HomeViewController.swift */ = {isa = PBXFileReference; lastKnownFileType = sourcecode.swift; path = HomeViewController.swift; sourceTree = "<group>"; };
		36885C58243D771A00A1A1B6 /* Utilities.swift */ = {isa = PBXFileReference; fileEncoding = 4; lastKnownFileType = sourcecode.swift; path = Utilities.swift; sourceTree = "<group>"; };
		36885C5A243D772000A1A1B6 /* Constants.swift */ = {isa = PBXFileReference; fileEncoding = 4; lastKnownFileType = sourcecode.swift; path = Constants.swift; sourceTree = "<group>"; };
		5D3346FCC283C1E663B18F21 /* Pods-firestoredemo.release.xcconfig */ = {isa = PBXFileReference; includeInIndex = 1; lastKnownFileType = text.xcconfig; name = "Pods-firestoredemo.release.xcconfig"; path = "Target Support Files/Pods-firestoredemo/Pods-firestoredemo.release.xcconfig"; sourceTree = "<group>"; };
		B68356D4D4C2C1A70D577820 /* Pods-firestoredemo.debug.xcconfig */ = {isa = PBXFileReference; includeInIndex = 1; lastKnownFileType = text.xcconfig; name = "Pods-firestoredemo.debug.xcconfig"; path = "Target Support Files/Pods-firestoredemo/Pods-firestoredemo.debug.xcconfig"; sourceTree = "<group>"; };
/* End PBXFileReference section */

/* Begin PBXFrameworksBuildPhase section */
		36372FB2243CC80800B37B97 /* Frameworks */ = {
			isa = PBXFrameworksBuildPhase;
			buildActionMask = 2147483647;
			files = (
				69A0F44FDF7574B8833A92EE /* Pods_firestoredemo.framework in Frameworks */,
			);
			runOnlyForDeploymentPostprocessing = 0;
		};
/* End PBXFrameworksBuildPhase section */

/* Begin PBXGroup section */
		36102AD3243FEB5F00BCA2BE /* Media */ = {
			isa = PBXGroup;
			children = (
				36102AD1243FEB5300BCA2BE /* loginbg.mp4 */,
			);
			path = Media;
			sourceTree = "<group>";
		};
		36372FAC243CC80800B37B97 = {
			isa = PBXGroup;
			children = (
				36102AD3243FEB5F00BCA2BE /* Media */,
				36372FB7243CC80800B37B97 /* firestoredemo */,
				36372FB6243CC80800B37B97 /* Products */,
				6788EE005F0FEB4D8F6A50C2 /* Pods */,
				5A0CF2AD259E5537915B2F06 /* Frameworks */,
			);
			sourceTree = "<group>";
		};
		36372FB6243CC80800B37B97 /* Products */ = {
			isa = PBXGroup;
			children = (
				36372FB5243CC80800B37B97 /* firestoredemo.app */,
			);
			name = Products;
			sourceTree = "<group>";
		};
		36372FB7243CC80800B37B97 /* firestoredemo */ = {
			isa = PBXGroup;
			children = (
				3696D087243D7E7300910C9C /* helpers */,
				36372FB8243CC80800B37B97 /* AppDelegate.swift */,
				36372FBA243CC80800B37B97 /* SceneDelegate.swift */,
				36838A03243D302900880B86 /* ViewControllers */,
				36372FBE243CC80800B37B97 /* Main.storyboard */,
				36372FC1243CC80E00B37B97 /* Assets.xcassets */,
				36372FC3243CC80E00B37B97 /* LaunchScreen.storyboard */,
				36372FC6243CC80E00B37B97 /* Info.plist */,
				36372FCC243CC92B00B37B97 /* GoogleService-Info.plist */,
			);
			path = firestoredemo;
			sourceTree = "<group>";
		};
		36838A03243D302900880B86 /* ViewControllers */ = {
			isa = PBXGroup;
			children = (
				36372FBC243CC80800B37B97 /* ViewController.swift */,
				368389FD243D2FE800880B86 /* SignUpViewController.swift */,
				368389FF243D2FFD00880B86 /* LogInViewController.swift */,
				36838A01243D301400880B86 /* HomeViewController.swift */,
			);
			path = ViewControllers;
			sourceTree = "<group>";
		};
		3696D087243D7E7300910C9C /* helpers */ = {
			isa = PBXGroup;
			children = (
				36885C58243D771A00A1A1B6 /* Utilities.swift */,
				36885C5A243D772000A1A1B6 /* Constants.swift */,
			);
			path = helpers;
			sourceTree = "<group>";
		};
		5A0CF2AD259E5537915B2F06 /* Frameworks */ = {
			isa = PBXGroup;
			children = (
				0F8B1CAA1FB22E52D9FCA33E /* Pods_firestoredemo.framework */,
			);
			name = Frameworks;
			sourceTree = "<group>";
		};
		6788EE005F0FEB4D8F6A50C2 /* Pods */ = {
			isa = PBXGroup;
			children = (
				B68356D4D4C2C1A70D577820 /* Pods-firestoredemo.debug.xcconfig */,
				5D3346FCC283C1E663B18F21 /* Pods-firestoredemo.release.xcconfig */,
			);
			path = Pods;
			sourceTree = "<group>";
		};
/* End PBXGroup section */

/* Begin PBXNativeTarget section */
		36372FB4243CC80800B37B97 /* firestoredemo */ = {
			isa = PBXNativeTarget;
			buildConfigurationList = 36372FC9243CC80E00B37B97 /* Build configuration list for PBXNativeTarget "firestoredemo" */;
			buildPhases = (
				ACF69D8B13E7D28422E2C923 /* [CP] Check Pods Manifest.lock */,
				36372FB1243CC80800B37B97 /* Sources */,
				36372FB2243CC80800B37B97 /* Frameworks */,
				36372FB3243CC80800B37B97 /* Resources */,
				99FA7AE3133F91B9B0BB721B /* [CP] Embed Pods Frameworks */,
			);
			buildRules = (
			);
			dependencies = (
			);
			name = firestoredemo;
			productName = firestoredemo;
			productReference = 36372FB5243CC80800B37B97 /* firestoredemo.app */;
			productType = "com.apple.product-type.application";
		};
/* End PBXNativeTarget section */

/* Begin PBXProject section */
		36372FAD243CC80800B37B97 /* Project object */ = {
			isa = PBXProject;
			attributes = {
				LastSwiftUpdateCheck = 1130;
				LastUpgradeCheck = 1130;
				ORGANIZATIONNAME = "App Dev";
				TargetAttributes = {
					36372FB4243CC80800B37B97 = {
						CreatedOnToolsVersion = 11.3.1;
					};
				};
			};
			buildConfigurationList = 36372FB0243CC80800B37B97 /* Build configuration list for PBXProject "firestoredemo" */;
			compatibilityVersion = "Xcode 9.3";
			developmentRegion = en;
			hasScannedForEncodings = 0;
			knownRegions = (
				en,
				Base,
			);
			mainGroup = 36372FAC243CC80800B37B97;
			productRefGroup = 36372FB6243CC80800B37B97 /* Products */;
			projectDirPath = "";
			projectRoot = "";
			targets = (
				36372FB4243CC80800B37B97 /* firestoredemo */,
			);
		};
/* End PBXProject section */

/* Begin PBXResourcesBuildPhase section */
		36372FB3243CC80800B37B97 /* Resources */ = {
			isa = PBXResourcesBuildPhase;
			buildActionMask = 2147483647;
			files = (
				36372FC5243CC80E00B37B97 /* LaunchScreen.storyboard in Resources */,
				36102AD2243FEB5300BCA2BE /* loginbg.mp4 in Resources */,
				36372FCD243CC92B00B37B97 /* GoogleService-Info.plist in Resources */,
				36372FC2243CC80E00B37B97 /* Assets.xcassets in Resources */,
				36372FC0243CC80800B37B97 /* Main.storyboard in Resources */,
			);
			runOnlyForDeploymentPostprocessing = 0;
		};
/* End PBXResourcesBuildPhase section */

/* Begin PBXShellScriptBuildPhase section */
		99FA7AE3133F91B9B0BB721B /* [CP] Embed Pods Frameworks */ = {
			isa = PBXShellScriptBuildPhase;
			buildActionMask = 2147483647;
			files = (
			);
			inputFileListPaths = (
				"${PODS_ROOT}/Target Support Files/Pods-firestoredemo/Pods-firestoredemo-frameworks-${CONFIGURATION}-input-files.xcfilelist",
			);
			name = "[CP] Embed Pods Frameworks";
			outputFileListPaths = (
				"${PODS_ROOT}/Target Support Files/Pods-firestoredemo/Pods-firestoredemo-frameworks-${CONFIGURATION}-output-files.xcfilelist",
			);
			runOnlyForDeploymentPostprocessing = 0;
			shellPath = /bin/sh;
			shellScript = "\"${PODS_ROOT}/Target Support Files/Pods-firestoredemo/Pods-firestoredemo-frameworks.sh\"\n";
			showEnvVarsInLog = 0;
		};
		ACF69D8B13E7D28422E2C923 /* [CP] Check Pods Manifest.lock */ = {
			isa = PBXShellScriptBuildPhase;
			buildActionMask = 2147483647;
			files = (
			);
			inputFileListPaths = (
			);
			inputPaths = (
				"${PODS_PODFILE_DIR_PATH}/Podfile.lock",
				"${PODS_ROOT}/Manifest.lock",
			);
			name = "[CP] Check Pods Manifest.lock";
			outputFileListPaths = (
			);
			outputPaths = (
				"$(DERIVED_FILE_DIR)/Pods-firestoredemo-checkManifestLockResult.txt",
			);
			runOnlyForDeploymentPostprocessing = 0;
			shellPath = /bin/sh;
			shellScript = "diff \"${PODS_PODFILE_DIR_PATH}/Podfile.lock\" \"${PODS_ROOT}/Manifest.lock\" > /dev/null\nif [ $? != 0 ] ; then\n    # print error to STDERR\n    echo \"error: The sandbox is not in sync with the Podfile.lock. Run 'pod install' or update your CocoaPods installation.\" >&2\n    exit 1\nfi\n# This output is used by Xcode 'outputs' to avoid re-running this script phase.\necho \"SUCCESS\" > \"${SCRIPT_OUTPUT_FILE_0}\"\n";
			showEnvVarsInLog = 0;
		};
/* End PBXShellScriptBuildPhase section */

/* Begin PBXSourcesBuildPhase section */
		36372FB1243CC80800B37B97 /* Sources */ = {
			isa = PBXSourcesBuildPhase;
			buildActionMask = 2147483647;
			files = (
				36372FBD243CC80800B37B97 /* ViewController.swift in Sources */,
				36372FB9243CC80800B37B97 /* AppDelegate.swift in Sources */,
				36885C59243D771A00A1A1B6 /* Utilities.swift in Sources */,
				368389FE243D2FE800880B86 /* SignUpViewController.swift in Sources */,
				36838A00243D2FFD00880B86 /* LogInViewController.swift in Sources */,
				36372FBB243CC80800B37B97 /* SceneDelegate.swift in Sources */,
				36838A02243D301400880B86 /* HomeViewController.swift in Sources */,
				36885C5B243D772100A1A1B6 /* Constants.swift in Sources */,
			);
			runOnlyForDeploymentPostprocessing = 0;
		};
/* End PBXSourcesBuildPhase section */

/* Begin PBXVariantGroup section */
		36372FBE243CC80800B37B97 /* Main.storyboard */ = {
			isa = PBXVariantGroup;
			children = (
				36372FBF243CC80800B37B97 /* Base */,
			);
			name = Main.storyboard;
			sourceTree = "<group>";
		};
		36372FC3243CC80E00B37B97 /* LaunchScreen.storyboard */ = {
			isa = PBXVariantGroup;
			children = (
				36372FC4243CC80E00B37B97 /* Base */,
			);
			name = LaunchScreen.storyboard;
			sourceTree = "<group>";
		};
/* End PBXVariantGroup section */

/* Begin XCBuildConfiguration section */
		36372FC7243CC80E00B37B97 /* Debug */ = {
			isa = XCBuildConfiguration;
			buildSettings = {
				ALWAYS_SEARCH_USER_PATHS = NO;
				CLANG_ANALYZER_NONNULL = YES;
				CLANG_ANALYZER_NUMBER_OBJECT_CONVERSION = YES_AGGRESSIVE;
				CLANG_CXX_LANGUAGE_STANDARD = "gnu++14";
				CLANG_CXX_LIBRARY = "libc++";
				CLANG_ENABLE_MODULES = YES;
				CLANG_ENABLE_OBJC_ARC = YES;
				CLANG_ENABLE_OBJC_WEAK = YES;
				CLANG_WARN_BLOCK_CAPTURE_AUTORELEASING = YES;
				CLANG_WARN_BOOL_CONVERSION = YES;
				CLANG_WARN_COMMA = YES;
				CLANG_WARN_CONSTANT_CONVERSION = YES;
				CLANG_WARN_DEPRECATED_OBJC_IMPLEMENTATIONS = YES;
				CLANG_WARN_DIRECT_OBJC_ISA_USAGE = YES_ERROR;
				CLANG_WARN_DOCUMENTATION_COMMENTS = YES;
				CLANG_WARN_EMPTY_BODY = YES;
				CLANG_WARN_ENUM_CONVERSION = YES;
				CLANG_WARN_INFINITE_RECURSION = YES;
				CLANG_WARN_INT_CONVERSION = YES;
				CLANG_WARN_NON_LITERAL_NULL_CONVERSION = YES;
				CLANG_WARN_OBJC_IMPLICIT_RETAIN_SELF = YES;
				CLANG_WARN_OBJC_LITERAL_CONVERSION = YES;
				CLANG_WARN_OBJC_ROOT_CLASS = YES_ERROR;
				CLANG_WARN_RANGE_LOOP_ANALYSIS = YES;
				CLANG_WARN_STRICT_PROTOTYPES = YES;
				CLANG_WARN_SUSPICIOUS_MOVE = YES;
				CLANG_WARN_UNGUARDED_AVAILABILITY = YES_AGGRESSIVE;
				CLANG_WARN_UNREACHABLE_CODE = YES;
				CLANG_WARN__DUPLICATE_METHOD_MATCH = YES;
				COPY_PHASE_STRIP = NO;
				DEBUG_INFORMATION_FORMAT = dwarf;
				ENABLE_STRICT_OBJC_MSGSEND = YES;
				ENABLE_TESTABILITY = YES;
				GCC_C_LANGUAGE_STANDARD = gnu11;
				GCC_DYNAMIC_NO_PIC = NO;
				GCC_NO_COMMON_BLOCKS = YES;
				GCC_OPTIMIZATION_LEVEL = 0;
				GCC_PREPROCESSOR_DEFINITIONS = (
					"DEBUG=1",
					"$(inherited)",
				);
				GCC_WARN_64_TO_32_BIT_CONVERSION = YES;
				GCC_WARN_ABOUT_RETURN_TYPE = YES_ERROR;
				GCC_WARN_UNDECLARED_SELECTOR = YES;
				GCC_WARN_UNINITIALIZED_AUTOS = YES_AGGRESSIVE;
				GCC_WARN_UNUSED_FUNCTION = YES;
				GCC_WARN_UNUSED_VARIABLE = YES;
				IPHONEOS_DEPLOYMENT_TARGET = 13.2;
				MTL_ENABLE_DEBUG_INFO = INCLUDE_SOURCE;
				MTL_FAST_MATH = YES;
				ONLY_ACTIVE_ARCH = YES;
				SDKROOT = iphoneos;
				SWIFT_ACTIVE_COMPILATION_CONDITIONS = DEBUG;
				SWIFT_OPTIMIZATION_LEVEL = "-Onone";
			};
			name = Debug;
		};
		36372FC8243CC80E00B37B97 /* Release */ = {
			isa = XCBuildConfiguration;
			buildSettings = {
				ALWAYS_SEARCH_USER_PATHS = NO;
				CLANG_ANALYZER_NONNULL = YES;
				CLANG_ANALYZER_NUMBER_OBJECT_CONVERSION = YES_AGGRESSIVE;
				CLANG_CXX_LANGUAGE_STANDARD = "gnu++14";
				CLANG_CXX_LIBRARY = "libc++";
				CLANG_ENABLE_MODULES = YES;
				CLANG_ENABLE_OBJC_ARC = YES;
				CLANG_ENABLE_OBJC_WEAK = YES;
				CLANG_WARN_BLOCK_CAPTURE_AUTORELEASING = YES;
				CLANG_WARN_BOOL_CONVERSION = YES;
				CLANG_WARN_COMMA = YES;
				CLANG_WARN_CONSTANT_CONVERSION = YES;
				CLANG_WARN_DEPRECATED_OBJC_IMPLEMENTATIONS = YES;
				CLANG_WARN_DIRECT_OBJC_ISA_USAGE = YES_ERROR;
				CLANG_WARN_DOCUMENTATION_COMMENTS = YES;
				CLANG_WARN_EMPTY_BODY = YES;
				CLANG_WARN_ENUM_CONVERSION = YES;
				CLANG_WARN_INFINITE_RECURSION = YES;
				CLANG_WARN_INT_CONVERSION = YES;
				CLANG_WARN_NON_LITERAL_NULL_CONVERSION = YES;
				CLANG_WARN_OBJC_IMPLICIT_RETAIN_SELF = YES;
				CLANG_WARN_OBJC_LITERAL_CONVERSION = YES;
				CLANG_WARN_OBJC_ROOT_CLASS = YES_ERROR;
				CLANG_WARN_RANGE_LOOP_ANALYSIS = YES;
				CLANG_WARN_STRICT_PROTOTYPES = YES;
				CLANG_WARN_SUSPICIOUS_MOVE = YES;
				CLANG_WARN_UNGUARDED_AVAILABILITY = YES_AGGRESSIVE;
				CLANG_WARN_UNREACHABLE_CODE = YES;
				CLANG_WARN__DUPLICATE_METHOD_MATCH = YES;
				COPY_PHASE_STRIP = NO;
				DEBUG_INFORMATION_FORMAT = "dwarf-with-dsym";
				ENABLE_NS_ASSERTIONS = NO;
				ENABLE_STRICT_OBJC_MSGSEND = YES;
				GCC_C_LANGUAGE_STANDARD = gnu11;
				GCC_NO_COMMON_BLOCKS = YES;
				GCC_WARN_64_TO_32_BIT_CONVERSION = YES;
				GCC_WARN_ABOUT_RETURN_TYPE = YES_ERROR;
				GCC_WARN_UNDECLARED_SELECTOR = YES;
				GCC_WARN_UNINITIALIZED_AUTOS = YES_AGGRESSIVE;
				GCC_WARN_UNUSED_FUNCTION = YES;
				GCC_WARN_UNUSED_VARIABLE = YES;
				IPHONEOS_DEPLOYMENT_TARGET = 13.2;
				MTL_ENABLE_DEBUG_INFO = NO;
				MTL_FAST_MATH = YES;
				SDKROOT = iphoneos;
				SWIFT_COMPILATION_MODE = wholemodule;
				SWIFT_OPTIMIZATION_LEVEL = "-O";
				VALIDATE_PRODUCT = YES;
			};
			name = Release;
		};
		36372FCA243CC80E00B37B97 /* Debug */ = {
			isa = XCBuildConfiguration;
			baseConfigurationReference = B68356D4D4C2C1A70D577820 /* Pods-firestoredemo.debug.xcconfig */;
			buildSettings = {
				ASSETCATALOG_COMPILER_APPICON_NAME = AppIcon;
				CODE_SIGN_STYLE = Automatic;
				DEVELOPMENT_TEAM = J4MQ7P4K8W;
				INFOPLIST_FILE = firestoredemo/Info.plist;
				LD_RUNPATH_SEARCH_PATHS = (
					"$(inherited)",
					"@executable_path/Frameworks",
				);
				PRODUCT_BUNDLE_IDENTIFIER = AppDev.firestoredemo;
				PRODUCT_NAME = "$(TARGET_NAME)";
				SWIFT_VERSION = 5.0;
				TARGETED_DEVICE_FAMILY = "1,2";
			};
			name = Debug;
		};
		36372FCB243CC80E00B37B97 /* Release */ = {
			isa = XCBuildConfiguration;
			baseConfigurationReference = 5D3346FCC283C1E663B18F21 /* Pods-firestoredemo.release.xcconfig */;
			buildSettings = {
				ASSETCATALOG_COMPILER_APPICON_NAME = AppIcon;
				CODE_SIGN_STYLE = Automatic;
				DEVELOPMENT_TEAM = J4MQ7P4K8W;
				INFOPLIST_FILE = firestoredemo/Info.plist;
				LD_RUNPATH_SEARCH_PATHS = (
					"$(inherited)",
					"@executable_path/Frameworks",
				);
				PRODUCT_BUNDLE_IDENTIFIER = AppDev.firestoredemo;
				PRODUCT_NAME = "$(TARGET_NAME)";
				SWIFT_VERSION = 5.0;
				TARGETED_DEVICE_FAMILY = "1,2";
			};
			name = Release;
		};
/* End XCBuildConfiguration section */

/* Begin XCConfigurationList section */
		36372FB0243CC80800B37B97 /* Build configuration list for PBXProject "firestoredemo" */ = {
			isa = XCConfigurationList;
			buildConfigurations = (
				36372FC7243CC80E00B37B97 /* Debug */,
				36372FC8243CC80E00B37B97 /* Release */,
			);
			defaultConfigurationIsVisible = 0;
			defaultConfigurationName = Release;
		};
		36372FC9243CC80E00B37B97 /* Build configuration list for PBXNativeTarget "firestoredemo" */ = {
			isa = XCConfigurationList;
			buildConfigurations = (
				36372FCA243CC80E00B37B97 /* Debug */,
				36372FCB243CC80E00B37B97 /* Release */,
			);
			defaultConfigurationIsVisible = 0;
			defaultConfigurationName = Release;
		};
/* End XCConfigurationList section */
	};
	rootObject = 36372FAD243CC80800B37B97 /* Project object */;
}
